
Microsoft Visual Studio Solution File, Format Version 12.00
# Visual Studio Version 17
VisualStudioVersion = 17.11.35222.181
MinimumVisualStudioVersion = 10.0.40219.1
Project("{FAE04EC0-301F-11D3-BF4B-00C04F79EFBC}") = "pratica 4 bim", "pratica 4 bim\pratica 4 bim.csproj", "{69BF3855-EC9F-4AB6-B3C4-E159034231F9}"
EndProject
Global
	GlobalSection(SolutionConfigurationPlatforms) = preSolution
		Debug|Any CPU = Debug|Any CPU
		Release|Any CPU = Release|Any CPU
	EndGlobalSection
	GlobalSection(ProjectConfigurationPlatforms) = postSolution
		{69BF3855-EC9F-4AB6-B3C4-E159034231F9}.Debug|Any CPU.ActiveCfg = Debug|Any CPU
		{69BF3855-EC9F-4AB6-B3C4-E159034231F9}.Debug|Any CPU.Build.0 = Debug|Any CPU
		{69BF3855-EC9F-4AB6-B3C4-E159034231F9}.Release|Any CPU.ActiveCfg = Release|Any CPU
		{69BF3855-EC9F-4AB6-B3C4-E159034231F9}.Release|Any CPU.Build.0 = Release|Any CPU
	EndGlobalSection
	GlobalSection(SolutionProperties) = preSolution
		HideSolutionNode = FALSE
	EndGlobalSection
	GlobalSection(ExtensibilityGlobals) = postSolution
		SolutionGuid = {93BB4728-7D6D-4675-AA28-3CE2C67340A8}
	EndGlobalSection
EndGlobal
